
Microsoft Visual Studio Solution File, Format Version 12.00
# Visual Studio Version 17
VisualStudioVersion = 17.14.36414.22
MinimumVisualStudioVersion = 10.0.40219.1
Project("{FAE04EC0-301F-11D3-BF4B-00C04F79EFBC}") = "imap", "imap.csproj", "{B3EB3B07-8BA2-4557-8E96-E89B3C0CFDE1}"
EndProject
Global
	GlobalSection(SolutionConfigurationPlatforms) = preSolution
		Debug|Any CPU = Debug|Any CPU
		Release|Any CPU = Release|Any CPU
	EndGlobalSection
	GlobalSection(ProjectConfigurationPlatforms) = postSolution
		{B3EB3B07-8BA2-4557-8E96-E89B3C0CFDE1}.Debug|Any CPU.ActiveCfg = Debug|Any CPU
		{B3EB3B07-8BA2-4557-8E96-E89B3C0CFDE1}.Debug|Any CPU.Build.0 = Debug|Any CPU
		{B3EB3B07-8BA2-4557-8E96-E89B3C0CFDE1}.Release|Any CPU.ActiveCfg = Release|Any CPU
		{B3EB3B07-8BA2-4557-8E96-E89B3C0CFDE1}.Release|Any CPU.Build.0 = Release|Any CPU
	EndGlobalSection
	GlobalSection(SolutionProperties) = preSolution
		HideSolutionNode = FALSE
	EndGlobalSection
	GlobalSection(ExtensibilityGlobals) = postSolution
		SolutionGuid = {EE7E9A44-9AA5-426C-9849-B35F53A95211}
	EndGlobalSection
EndGlobal
